// !$*UTF8*$!
{
	archiveVersion = 1;
	classes = {
	};
	objectVersion = 77;
	objects = {

/* Begin PBXContainerItemProxy section */
		7CAF80792DF725C8003187DC /* PBXContainerItemProxy */ = {
			isa = PBXContainerItemProxy;
			containerPortal = 7CAF80552DF725C6003187DC /* Project object */;
			proxyType = 1;
			remoteGlobalIDString = 7CAF805C2DF725C6003187DC;
			remoteInfo = PRUEBASS;
		};
		7CAF80832DF725C8003187DC /* PBXContainerItemProxy */ = {
			isa = PBXContainerItemProxy;
			containerPortal = 7CAF80552DF725C6003187DC /* Project object */;
			proxyType = 1;
			remoteGlobalIDString = 7CAF805C2DF725C6003187DC;
			remoteInfo = PRUEBASS;
		};
/* End PBXContainerItemProxy section */

/* Begin PBXFileReference section */
		7CAF805D2DF725C6003187DC /* PRUEBASS.app */ = {isa = PBXFileReference; explicitFileType = wrapper.application; includeInIndex = 0; path = PRUEBASS.app; sourceTree = BUILT_PRODUCTS_DIR; };
		7CAF80782DF725C8003187DC /* PRUEBASSTests.xctest */ = {isa = PBXFileReference; explicitFileType = wrapper.cfbundle; includeInIndex = 0; path = PRUEBASSTests.xctest; sourceTree = BUILT_PRODUCTS_DIR; };
		7CAF80822DF725C8003187DC /* PRUEBASSUITests.xctest */ = {isa = PBXFileReference; explicitFileType = wrapper.cfbundle; includeInIndex = 0; path = PRUEBASSUITests.xctest; sourceTree = BUILT_PRODUCTS_DIR; };
/* End PBXFileReference section */

/* Begin PBXFileSystemSynchronizedBuildFileExceptionSet section */
		7CAF808A2DF725C8003187DC /* Exceptions for "PRUEBASS" folder in "PRUEBASS" target */ = {
			isa = PBXFileSystemSynchronizedBuildFileExceptionSet;
			membershipExceptions = (
				Info.plist,
			);
			target = 7CAF805C2DF725C6003187DC /* PRUEBASS */;
		};
/* End PBXFileSystemSynchronizedBuildFileExceptionSet section */

/* Begin PBXFileSystemSynchronizedRootGroup section */
		7CAF805F2DF725C6003187DC /* PRUEBASS */ = {
			isa = PBXFileSystemSynchronizedRootGroup;
			exceptions = (
				7CAF808A2DF725C8003187DC /* Exceptions for "PRUEBASS" folder in "PRUEBASS" target */,
			);
			path = PRUEBASS;
			sourceTree = "<group>";
		};
		7CAF807B2DF725C8003187DC /* PRUEBASSTests */ = {
			isa = PBXFileSystemSynchronizedRootGroup;
			path = PRUEBASSTests;
			sourceTree = "<group>";
		};
		7CAF80852DF725C8003187DC /* PRUEBASSUITests */ = {
			isa = PBXFileSystemSynchronizedRootGroup;
			path = PRUEBASSUITests;
			sourceTree = "<group>";
		};
/* End PBXFileSystemSynchronizedRootGroup section */

/* Begin PBXFrameworksBuildPhase section */
		7CAF805A2DF725C6003187DC /* Frameworks */ = {
			isa = PBXFrameworksBuildPhase;
			buildActionMask = 2147483647;
			files = (
			);
			runOnlyForDeploymentPostprocessing = 0;
		};
		7CAF80752DF725C8003187DC /* Frameworks */ = {
			isa = PBXFrameworksBuildPhase;
			buildActionMask = 2147483647;
			files = (
			);
			runOnlyForDeploymentPostprocessing = 0;
		};
		7CAF807F2DF725C8003187DC /* Frameworks */ = {
			isa = PBXFrameworksBuildPhase;
			buildActionMask = 2147483647;
			files = (
			);
			runOnlyForDeploymentPostprocessing = 0;
		};
/* End PBXFrameworksBuildPhase section */

/* Begin PBXGroup section */
		7CAF80542DF725C6003187DC = {
			isa = PBXGroup;
			children = (
				7CAF805F2DF725C6003187DC /* PRUEBASS */,
				7CAF807B2DF725C8003187DC /* PRUEBASSTests */,
				7CAF80852DF725C8003187DC /* PRUEBASSUITests */,
				7CAF805E2DF725C6003187DC /* Products */,
			);
			sourceTree = "<group>";
		};
		7CAF805E2DF725C6003187DC /* Products */ = {
			isa = PBXGroup;
			children = (
				7CAF805D2DF725C6003187DC /* PRUEBASS.app */,
				7CAF80782DF725C8003187DC /* PRUEBASSTests.xctest */,
				7CAF80822DF725C8003187DC /* PRUEBASSUITests.xctest */,
			);
			name = Products;
			sourceTree = "<group>";
		};
/* End PBXGroup section */

/* Begin PBXNativeTarget section */
		7CAF805C2DF725C6003187DC /* PRUEBASS */ = {
			isa = PBXNativeTarget;
			buildConfigurationList = 7CAF808B2DF725C8003187DC /* Build configuration list for PBXNativeTarget "PRUEBASS" */;
			buildPhases = (
				7CAF80592DF725C6003187DC /* Sources */,
				7CAF805A2DF725C6003187DC /* Frameworks */,
				7CAF805B2DF725C6003187DC /* Resources */,
			);
			buildRules = (
			);
			dependencies = (
			);
			fileSystemSynchronizedGroups = (
				7CAF805F2DF725C6003187DC /* PRUEBASS */,
			);
			name = PRUEBASS;
			packageProductDependencies = (
			);
			productName = PRUEBASS;
			productReference = 7CAF805D2DF725C6003187DC /* PRUEBASS.app */;
			productType = "com.apple.product-type.application";
		};
		7CAF80772DF725C8003187DC /* PRUEBASSTests */ = {
			isa = PBXNativeTarget;
			buildConfigurationList = 7CAF80902DF725C8003187DC /* Build configuration list for PBXNativeTarget "PRUEBASSTests" */;
			buildPhases = (
				7CAF80742DF725C8003187DC /* Sources */,
				7CAF80752DF725C8003187DC /* Frameworks */,
				7CAF80762DF725C8003187DC /* Resources */,
			);
			buildRules = (
			);
			dependencies = (
				7CAF807A2DF725C8003187DC /* PBXTargetDependency */,
			);
			fileSystemSynchronizedGroups = (
				7CAF807B2DF725C8003187DC /* PRUEBASSTests */,
			);
			name = PRUEBASSTests;
			packageProductDependencies = (
			);
			productName = PRUEBASSTests;
			productReference = 7CAF80782DF725C8003187DC /* PRUEBASSTests.xctest */;
			productType = "com.apple.product-type.bundle.unit-test";
		};
		7CAF80812DF725C8003187DC /* PRUEBASSUITests */ = {
			isa = PBXNativeTarget;
			buildConfigurationList = 7CAF80932DF725C8003187DC /* Build configuration list for PBXNativeTarget "PRUEBASSUITests" */;
			buildPhases = (
				7CAF807E2DF725C8003187DC /* Sources */,
				7CAF807F2DF725C8003187DC /* Frameworks */,
				7CAF80802DF725C8003187DC /* Resources */,
			);
			buildRules = (
			);
			dependencies = (
				7CAF80842DF725C8003187DC /* PBXTargetDependency */,
			);
			fileSystemSynchronizedGroups = (
				7CAF80852DF725C8003187DC /* PRUEBASSUITests */,
			);
			name = PRUEBASSUITests;
			packageProductDependencies = (
			);
			productName = PRUEBASSUITests;
			productReference = 7CAF80822DF725C8003187DC /* PRUEBASSUITests.xctest */;
			productType = "com.apple.product-type.bundle.ui-testing";
		};
/* End PBXNativeTarget section */

/* Begin PBXProject section */
		7CAF80552DF725C6003187DC /* Project object */ = {
			isa = PBXProject;
			attributes = {
				BuildIndependentTargetsInParallel = 1;
				LastUpgradeCheck = 1630;
				TargetAttributes = {
					7CAF805C2DF725C6003187DC = {
						CreatedOnToolsVersion = 16.3;
					};
					7CAF80772DF725C8003187DC = {
						CreatedOnToolsVersion = 16.3;
						TestTargetID = 7CAF805C2DF725C6003187DC;
					};
					7CAF80812DF725C8003187DC = {
						CreatedOnToolsVersion = 16.3;
						TestTargetID = 7CAF805C2DF725C6003187DC;
					};
				};
			};
			buildConfigurationList = 7CAF80582DF725C6003187DC /* Build configuration list for PBXProject "PRUEBASS" */;
			developmentRegion = en;
			hasScannedForEncodings = 0;
			knownRegions = (
				en,
				Base,
			);
			mainGroup = 7CAF80542DF725C6003187DC;
			minimizedProjectReferenceProxies = 1;
			preferredProjectObjectVersion = 77;
			productRefGroup = 7CAF805E2DF725C6003187DC /* Products */;
			projectDirPath = "";
			projectRoot = "";
			targets = (
				7CAF805C2DF725C6003187DC /* PRUEBASS */,
				7CAF80772DF725C8003187DC /* PRUEBASSTests */,
				7CAF80812DF725C8003187DC /* PRUEBASSUITests */,
			);
		};
/* End PBXProject section */

/* Begin PBXResourcesBuildPhase section */
		7CAF805B2DF725C6003187DC /* Resources */ = {
			isa = PBXResourcesBuildPhase;
			buildActionMask = 2147483647;
			files = (
			);
			runOnlyForDeploymentPostprocessing = 0;
		};
		7CAF80762DF725C8003187DC /* Resources */ = {
			isa = PBXResourcesBuildPhase;
			buildActionMask = 2147483647;
			files = (
			);
			runOnlyForDeploymentPostprocessing = 0;
		};
		7CAF80802DF725C8003187DC /* Resources */ = {
			isa = PBXResourcesBuildPhase;
			buildActionMask = 2147483647;
			files = (
			);
			runOnlyForDeploymentPostprocessing = 0;
		};
/* End PBXResourcesBuildPhase section */

/* Begin PBXSourcesBuildPhase section */
		7CAF80592DF725C6003187DC /* Sources */ = {
			isa = PBXSourcesBuildPhase;
			buildActionMask = 2147483647;
			files = (
			);
			runOnlyForDeploymentPostprocessing = 0;
		};
		7CAF80742DF725C8003187DC /* Sources */ = {
			isa = PBXSourcesBuildPhase;
			buildActionMask = 2147483647;
			files = (
			);
			runOnlyForDeploymentPostprocessing = 0;
		};
		7CAF807E2DF725C8003187DC /* Sources */ = {
			isa = PBXSourcesBuildPhase;
			buildActionMask = 2147483647;
			files = (
			);
			runOnlyForDeploymentPostprocessing = 0;
		};
/* End PBXSourcesBuildPhase section */

/* Begin PBXTargetDependency section */
		7CAF807A2DF725C8003187DC /* PBXTargetDependency */ = {
			isa = PBXTargetDependency;
			target = 7CAF805C2DF725C6003187DC /* PRUEBASS */;
			targetProxy = 7CAF80792DF725C8003187DC /* PBXContainerItemProxy */;
		};
		7CAF80842DF725C8003187DC /* PBXTargetDependency */ = {
			isa = PBXTargetDependency;
			target = 7CAF805C2DF725C6003187DC /* PRUEBASS */;
			targetProxy = 7CAF80832DF725C8003187DC /* PBXContainerItemProxy */;
		};
/* End PBXTargetDependency section */

/* Begin XCBuildConfiguration section */
		7CAF808C2DF725C8003187DC /* Debug */ = {
			isa = XCBuildConfiguration;
			buildSettings = {
				ASSETCATALOG_COMPILER_APPICON_NAME = AppIcon;
				ASSETCATALOG_COMPILER_GLOBAL_ACCENT_COLOR_NAME = AccentColor;
				CODE_SIGN_STYLE = Automatic;
				CURRENT_PROJECT_VERSION = 1;
				GENERATE_INFOPLIST_FILE = YES;
				INFOPLIST_FILE = PRUEBASS/Info.plist;
				INFOPLIST_KEY_UIApplicationSupportsIndirectInputEvents = YES;
				INFOPLIST_KEY_UILaunchStoryboardName = LaunchScreen;
				INFOPLIST_KEY_UIMainStoryboardFile = Main;
				INFOPLIST_KEY_UISupportedInterfaceOrientations_iPad = "UIInterfaceOrientationPortrait UIInterfaceOrientationPortraitUpsideDown UIInterfaceOrientationLandscapeLeft UIInterfaceOrientationLandscapeRight";
				INFOPLIST_KEY_UISupportedInterfaceOrientations_iPhone = "UIInterfaceOrientationPortrait UIInterfaceOrientationLandscapeLeft UIInterfaceOrientationLandscapeRight";
				LD_RUNPATH_SEARCH_PATHS = (
					"$(inherited)",
					"@executable_path/Frameworks",
				);
				MARKETING_VERSION = 1.0;
				PRODUCT_BUNDLE_IDENTIFIER = ss.PRUEBASS;
				PRODUCT_NAME = "$(TARGET_NAME)";
				SWIFT_EMIT_LOC_STRINGS = YES;
				TARGETED_DEVICE_FAMILY = "1,2";
			};
			name = Debug;
		};
		7CAF808D2DF725C8003187DC /* Release */ = {
			isa = XCBuildConfiguration;
			buildSettings = {
				ASSETCATALOG_COMPILER_APPICON_NAME = AppIcon;
				ASSETCATALOG_COMPILER_GLOBAL_ACCENT_COLOR_NAME = AccentColor;
				CODE_SIGN_STYLE = Automatic;
				CURRENT_PROJECT_VERSION = 1;
				GENERATE_INFOPLIST_FILE = YES;
				INFOPLIST_FILE = PRUEBASS/Info.plist;
				INFOPLIST_KEY_UIApplicationSupportsIndirectInputEvents = YES;
				INFOPLIST_KEY_UILaunchStoryboardName = LaunchScreen;
				INFOPLIST_KEY_UIMainStoryboardFile = Main;
				INFOPLIST_KEY_UISupportedInterfaceOrientations_iPad = "UIInterfaceOrientationPortrait UIInterfaceOrientationPortraitUpsideDown UIInterfaceOrientationLandscapeLeft UIInterfaceOrientationLandscapeRight";
				INFOPLIST_KEY_UISupportedInterfaceOrientations_iPhone = "UIInterfaceOrientationPortrait UIInterfaceOrientationLandscapeLeft UIInterfaceOrientationLandscapeRight";
				LD_RUNPATH_SEARCH_PATHS = (
					"$(inherited)",
					"@executable_path/Frameworks",
				);
				MARKETING_VERSION = 1.0;
				PRODUCT_BUNDLE_IDENTIFIER = ss.PRUEBASS;
				PRODUCT_NAME = "$(TARGET_NAME)";
				SWIFT_EMIT_LOC_STRINGS = YES;
				TARGETED_DEVICE_FAMILY = "1,2";
			};
			name = Release;
		};
		7CAF808E2DF725C8003187DC /* Debug */ = {
			isa = XCBuildConfiguration;
			buildSettings = {
				ALWAYS_SEARCH_USER_PATHS = NO;
				ASSETCATALOG_COMPILER_GENERATE_SWIFT_ASSET_SYMBOL_EXTENSIONS = YES;
				CLANG_ANALYZER_NONNULL = YES;
				CLANG_ANALYZER_NUMBER_OBJECT_CONVERSION = YES_AGGRESSIVE;
				CLANG_CXX_LANGUAGE_STANDARD = "gnu++20";
				CLANG_ENABLE_MODULES = YES;
				CLANG_ENABLE_OBJC_ARC = YES;
				CLANG_ENABLE_OBJC_WEAK = YES;
				CLANG_WARN_BLOCK_CAPTURE_AUTORELEASING = YES;
				CLANG_WARN_BOOL_CONVERSION = YES;
				CLANG_WARN_COMMA = YES;
				CLANG_WARN_CONSTANT_CONVERSION = YES;
				CLANG_WARN_DEPRECATED_OBJC_IMPLEMENTATIONS = YES;
				CLANG_WARN_DIRECT_OBJC_ISA_USAGE = YES_ERROR;
				CLANG_WARN_DOCUMENTATION_COMMENTS = YES;
				CLANG_WARN_EMPTY_BODY = YES;
				CLANG_WARN_ENUM_CONVERSION = YES;
				CLANG_WARN_INFINITE_RECURSION = YES;
				CLANG_WARN_INT_CONVERSION = YES;
				CLANG_WARN_NON_LITERAL_NULL_CONVERSION = YES;
				CLANG_WARN_OBJC_IMPLICIT_RETAIN_SELF = YES;
				CLANG_WARN_OBJC_LITERAL_CONVERSION = YES;
				CLANG_WARN_OBJC_ROOT_CLASS = YES_ERROR;
				CLANG_WARN_QUOTED_INCLUDE_IN_FRAMEWORK_HEADER = YES;
				CLANG_WARN_RANGE_LOOP_ANALYSIS = YES;
				CLANG_WARN_STRICT_PROTOTYPES = YES;
				CLANG_WARN_SUSPICIOUS_MOVE = YES;
				CLANG_WARN_UNGUARDED_AVAILABILITY = YES_AGGRESSIVE;
				CLANG_WARN_UNREACHABLE_CODE = YES;
				CLANG_WARN__DUPLICATE_METHOD_MATCH = YES;
				COPY_PHASE_STRIP = NO;
				DEBUG_INFORMATION_FORMAT = dwarf;
				ENABLE_STRICT_OBJC_MSGSEND = YES;
				ENABLE_TESTABILITY = YES;
				ENABLE_USER_SCRIPT_SANDBOXING = YES;
				GCC_C_LANGUAGE_STANDARD = gnu17;
				GCC_DYNAMIC_NO_PIC = NO;
				GCC_NO_COMMON_BLOCKS = YES;
				GCC_OPTIMIZATION_LEVEL = 0;
				GCC_PREPROCESSOR_DEFINITIONS = (
					"DEBUG=1",
					"$(inherited)",
				);
				GCC_WARN_64_TO_32_BIT_CONVERSION = YES;
				GCC_WARN_ABOUT_RETURN_TYPE = YES_ERROR;
				GCC_WARN_UNDECLARED_SELECTOR = YES;
				GCC_WARN_UNINITIALIZED_AUTOS = YES_AGGRESSIVE;
				GCC_WARN_UNUSED_FUNCTION = YES;
				GCC_WARN_UNUSED_VARIABLE = YES;
				IPHONEOS_DEPLOYMENT_TARGET = 18.4;
				LOCALIZATION_PREFERS_STRING_CATALOGS = YES;
				MTL_ENABLE_DEBUG_INFO = INCLUDE_SOURCE;
				MTL_FAST_MATH = YES;
				ONLY_ACTIVE_ARCH = YES;
				SDKROOT = iphoneos;
			};
			name = Debug;
		};
		7CAF808F2DF725C8003187DC /* Release */ = {
			isa = XCBuildConfiguration;
			buildSettings = {
				ALWAYS_SEARCH_USER_PATHS = NO;
				ASSETCATALOG_COMPILER_GENERATE_SWIFT_ASSET_SYMBOL_EXTENSIONS = YES;
				CLANG_ANALYZER_NONNULL = YES;
				CLANG_ANALYZER_NUMBER_OBJECT_CONVERSION = YES_AGGRESSIVE;
				CLANG_CXX_LANGUAGE_STANDARD = "gnu++20";
				CLANG_ENABLE_MODULES = YES;
				CLANG_ENABLE_OBJC_ARC = YES;
				CLANG_ENABLE_OBJC_WEAK = YES;
				CLANG_WARN_BLOCK_CAPTURE_AUTORELEASING = YES;
				CLANG_WARN_BOOL_CONVERSION = YES;
				CLANG_WARN_COMMA = YES;
				CLANG_WARN_CONSTANT_CONVERSION = YES;
				CLANG_WARN_DEPRECATED_OBJC_IMPLEMENTATIONS = YES;
				CLANG_WARN_DIRECT_OBJC_ISA_USAGE = YES_ERROR;
				CLANG_WARN_DOCUMENTATION_COMMENTS = YES;
				CLANG_WARN_EMPTY_BODY = YES;
				CLANG_WARN_ENUM_CONVERSION = YES;
				CLANG_WARN_INFINITE_RECURSION = YES;
				CLANG_WARN_INT_CONVERSION = YES;
				CLANG_WARN_NON_LITERAL_NULL_CONVERSION = YES;
				CLANG_WARN_OBJC_IMPLICIT_RETAIN_SELF = YES;
				CLANG_WARN_OBJC_LITERAL_CONVERSION = YES;
				CLANG_WARN_OBJC_ROOT_CLASS = YES_ERROR;
				CLANG_WARN_QUOTED_INCLUDE_IN_FRAMEWORK_HEADER = YES;
				CLANG_WARN_RANGE_LOOP_ANALYSIS = YES;
				CLANG_WARN_STRICT_PROTOTYPES = YES;
				CLANG_WARN_SUSPICIOUS_MOVE = YES;
				CLANG_WARN_UNGUARDED_AVAILABILITY = YES_AGGRESSIVE;
				CLANG_WARN_UNREACHABLE_CODE = YES;
				CLANG_WARN__DUPLICATE_METHOD_MATCH = YES;
				COPY_PHASE_STRIP = NO;
				DEBUG_INFORMATION_FORMAT = "dwarf-with-dsym";
				ENABLE_NS_ASSERTIONS = NO;
				ENABLE_STRICT_OBJC_MSGSEND = YES;
				ENABLE_USER_SCRIPT_SANDBOXING = YES;
				GCC_C_LANGUAGE_STANDARD = gnu17;
				GCC_NO_COMMON_BLOCKS = YES;
				GCC_WARN_64_TO_32_BIT_CONVERSION = YES;
				GCC_WARN_ABOUT_RETURN_TYPE = YES_ERROR;
				GCC_WARN_UNDECLARED_SELECTOR = YES;
				GCC_WARN_UNINITIALIZED_AUTOS = YES_AGGRESSIVE;
				GCC_WARN_UNUSED_FUNCTION = YES;
				GCC_WARN_UNUSED_VARIABLE = YES;
				IPHONEOS_DEPLOYMENT_TARGET = 18.4;
				LOCALIZATION_PREFERS_STRING_CATALOGS = YES;
				MTL_ENABLE_DEBUG_INFO = NO;
				MTL_FAST_MATH = YES;
				SDKROOT = iphoneos;
				VALIDATE_PRODUCT = YES;
			};
			name = Release;
		};
		7CAF80912DF725C8003187DC /* Debug */ = {
			isa = XCBuildConfiguration;
			buildSettings = {
				BUNDLE_LOADER = "$(TEST_HOST)";
				CODE_SIGN_STYLE = Automatic;
				CURRENT_PROJECT_VERSION = 1;
				GENERATE_INFOPLIST_FILE = YES;
				IPHONEOS_DEPLOYMENT_TARGET = 18.4;
				MARKETING_VERSION = 1.0;
				PRODUCT_BUNDLE_IDENTIFIER = ss.PRUEBASSTests;
				PRODUCT_NAME = "$(TARGET_NAME)";
				SWIFT_EMIT_LOC_STRINGS = NO;
				TARGETED_DEVICE_FAMILY = "1,2";
				TEST_HOST = "$(BUILT_PRODUCTS_DIR)/PRUEBASS.app/$(BUNDLE_EXECUTABLE_FOLDER_PATH)/PRUEBASS";
			};
			name = Debug;
		};
		7CAF80922DF725C8003187DC /* Release */ = {
			isa = XCBuildConfiguration;
			buildSettings = {
				BUNDLE_LOADER = "$(TEST_HOST)";
				CODE_SIGN_STYLE = Automatic;
				CURRENT_PROJECT_VERSION = 1;
				GENERATE_INFOPLIST_FILE = YES;
				IPHONEOS_DEPLOYMENT_TARGET = 18.4;
				MARKETING_VERSION = 1.0;
				PRODUCT_BUNDLE_IDENTIFIER = ss.PRUEBASSTests;
				PRODUCT_NAME = "$(TARGET_NAME)";
				SWIFT_EMIT_LOC_STRINGS = NO;
				TARGETED_DEVICE_FAMILY = "1,2";
				TEST_HOST = "$(BUILT_PRODUCTS_DIR)/PRUEBASS.app/$(BUNDLE_EXECUTABLE_FOLDER_PATH)/PRUEBASS";
			};
			name = Release;
		};
		7CAF80942DF725C8003187DC /* Debug */ = {
			isa = XCBuildConfiguration;
			buildSettings = {
				CODE_SIGN_STYLE = Automatic;
				CURRENT_PROJECT_VERSION = 1;
				GENERATE_INFOPLIST_FILE = YES;
				MARKETING_VERSION = 1.0;
				PRODUCT_BUNDLE_IDENTIFIER = ss.PRUEBASSUITests;
				PRODUCT_NAME = "$(TARGET_NAME)";
				SWIFT_EMIT_LOC_STRINGS = NO;
				TARGETED_DEVICE_FAMILY = "1,2";
				TEST_TARGET_NAME = PRUEBASS;
			};
			name = Debug;
		};
		7CAF80952DF725C8003187DC /* Release */ = {
			isa = XCBuildConfiguration;
			buildSettings = {
				CODE_SIGN_STYLE = Automatic;
				CURRENT_PROJECT_VERSION = 1;
				GENERATE_INFOPLIST_FILE = YES;
				MARKETING_VERSION = 1.0;
				PRODUCT_BUNDLE_IDENTIFIER = ss.PRUEBASSUITests;
				PRODUCT_NAME = "$(TARGET_NAME)";
				SWIFT_EMIT_LOC_STRINGS = NO;
				TARGETED_DEVICE_FAMILY = "1,2";
				TEST_TARGET_NAME = PRUEBASS;
			};
			name = Release;
		};
/* End XCBuildConfiguration section */

/* Begin XCConfigurationList section */
		7CAF80582DF725C6003187DC /* Build configuration list for PBXProject "PRUEBASS" */ = {
			isa = XCConfigurationList;
			buildConfigurations = (
				7CAF808E2DF725C8003187DC /* Debug */,
				7CAF808F2DF725C8003187DC /* Release */,
			);
			defaultConfigurationIsVisible = 0;
			defaultConfigurationName = Release;
		};
		7CAF808B2DF725C8003187DC /* Build configuration list for PBXNativeTarget "PRUEBASS" */ = {
			isa = XCConfigurationList;
			buildConfigurations = (
				7CAF808C2DF725C8003187DC /* Debug */,
				7CAF808D2DF725C8003187DC /* Release */,
			);
			defaultConfigurationIsVisible = 0;
			defaultConfigurationName = Release;
		};
		7CAF80902DF725C8003187DC /* Build configuration list for PBXNativeTarget "PRUEBASSTests" */ = {
			isa = XCConfigurationList;
			buildConfigurations = (
				7CAF80912DF725C8003187DC /* Debug */,
				7CAF80922DF725C8003187DC /* Release */,
			);
			defaultConfigurationIsVisible = 0;
			defaultConfigurationName = Release;
		};
		7CAF80932DF725C8003187DC /* Build configuration list for PBXNativeTarget "PRUEBASSUITests" */ = {
			isa = XCConfigurationList;
			buildConfigurations = (
				7CAF80942DF725C8003187DC /* Debug */,
				7CAF80952DF725C8003187DC /* Release */,
			);
			defaultConfigurationIsVisible = 0;
			defaultConfigurationName = Release;
		};
/* End XCConfigurationList section */
	};
	rootObject = 7CAF80552DF725C6003187DC /* Project object */;
}
